<Solution>
  <Folder Name="/backend/">
    <Project Path="backend/PocketLense.Api/PocketLense.Api.csproj" />
    <Project Path="backend/PocketLense.Core/PocketLense.Core.csproj" />
    <Project Path="backend/PocketLense.Infrastructure/PocketLense.Infrastructure.csproj" />
  </Folder>
  <Folder Name="/tests/">
    <Project Path="tests/PocketLense.Tests.Integration/PocketLense.Tests.Integration.csproj" />
    <Project Path="tests/PocketLense.Tests.Unit/PocketLense.Tests.Unit.csproj" />
  </Folder>
</Solution>
